
Microsoft Visual Studio Solution File, Format Version 12.00
# Visual Studio Version 16
VisualStudioVersion = 16.0.31105.61
MinimumVisualStudioVersion = 10.0.40219.1
Project("{9A19103F-16F7-4668-BE54-9A1E7A4F7556}") = "Heisln.Car.Api", "Heisln.Car.Api\Heisln.Car.Api.csproj", "{15E9A0A5-0CFF-4895-82AA-633FAA151835}"
EndProject
Project("{E53339B2-1760-4266-BCC7-CA923CBCF16C}") = "docker-compose", "docker-compose.dcproj", "{23A0FD1A-A63A-4F5E-A76D-C61E5075C272}"
EndProject
Project("{9A19103F-16F7-4668-BE54-9A1E7A4F7556}") = "Heisln.Car.Domain", "Heisln.Car.Domain\Heisln.Car.Domain.csproj", "{044F4E9B-C858-42DD-A8C9-3F92977E6E6E}"
EndProject
Project("{9A19103F-16F7-4668-BE54-9A1E7A4F7556}") = "Heisln.Car.Application", "Heisln.Car.Application\Heisln.Car.Application.csproj", "{8174337C-FE74-47B8-90F0-97C992BF8108}"
EndProject
Project("{9A19103F-16F7-4668-BE54-9A1E7A4F7556}") = "Heisln.Car.Infrastructure", "Heisln.Car.Infrastructure\Heisln.Car.Infrastructure.csproj", "{DCB83C42-21D5-4E3A-B335-51A47AE885E5}"
EndProject
Project("{9A19103F-16F7-4668-BE54-9A1E7A4F7556}") = "Heisln.Car.Contract", "Heisln.Car.Contract\Heisln.Car.Contract.csproj", "{0A7F2589-0259-4F3B-9477-3885946FED8D}"
EndProject
Project("{FAE04EC0-301F-11D3-BF4B-00C04F79EFBC}") = "Heisln.Car.ApiTest", "Heisln.Car.ApiTest\Heisln.Car.ApiTest.csproj", "{0FB1B514-1D5B-479A-B0F3-BF09A8A509A3}"
EndProject
Global
	GlobalSection(SolutionConfigurationPlatforms) = preSolution
		Debug|Any CPU = Debug|Any CPU
		Release|Any CPU = Release|Any CPU
	EndGlobalSection
	GlobalSection(ProjectConfigurationPlatforms) = postSolution
		{15E9A0A5-0CFF-4895-82AA-633FAA151835}.Debug|Any CPU.ActiveCfg = Debug|Any CPU
		{15E9A0A5-0CFF-4895-82AA-633FAA151835}.Debug|Any CPU.Build.0 = Debug|Any CPU
		{15E9A0A5-0CFF-4895-82AA-633FAA151835}.Release|Any CPU.ActiveCfg = Release|Any CPU
		{15E9A0A5-0CFF-4895-82AA-633FAA151835}.Release|Any CPU.Build.0 = Release|Any CPU
		{23A0FD1A-A63A-4F5E-A76D-C61E5075C272}.Debug|Any CPU.ActiveCfg = Debug|Any CPU
		{23A0FD1A-A63A-4F5E-A76D-C61E5075C272}.Debug|Any CPU.Build.0 = Debug|Any CPU
		{23A0FD1A-A63A-4F5E-A76D-C61E5075C272}.Release|Any CPU.ActiveCfg = Release|Any CPU
		{23A0FD1A-A63A-4F5E-A76D-C61E5075C272}.Release|Any CPU.Build.0 = Release|Any CPU
		{044F4E9B-C858-42DD-A8C9-3F92977E6E6E}.Debug|Any CPU.ActiveCfg = Debug|Any CPU
		{044F4E9B-C858-42DD-A8C9-3F92977E6E6E}.Debug|Any CPU.Build.0 = Debug|Any CPU
		{044F4E9B-C858-42DD-A8C9-3F92977E6E6E}.Release|Any CPU.ActiveCfg = Release|Any CPU
		{044F4E9B-C858-42DD-A8C9-3F92977E6E6E}.Release|Any CPU.Build.0 = Release|Any CPU
		{8174337C-FE74-47B8-90F0-97C992BF8108}.Debug|Any CPU.ActiveCfg = Debug|Any CPU
		{8174337C-FE74-47B8-90F0-97C992BF8108}.Debug|Any CPU.Build.0 = Debug|Any CPU
		{8174337C-FE74-47B8-90F0-97C992BF8108}.Release|Any CPU.ActiveCfg = Release|Any CPU
		{8174337C-FE74-47B8-90F0-97C992BF8108}.Release|Any CPU.Build.0 = Release|Any CPU
		{DCB83C42-21D5-4E3A-B335-51A47AE885E5}.Debug|Any CPU.ActiveCfg = Debug|Any CPU
		{DCB83C42-21D5-4E3A-B335-51A47AE885E5}.Debug|Any CPU.Build.0 = Debug|Any CPU
		{DCB83C42-21D5-4E3A-B335-51A47AE885E5}.Release|Any CPU.ActiveCfg = Release|Any CPU
		{DCB83C42-21D5-4E3A-B335-51A47AE885E5}.Release|Any CPU.Build.0 = Release|Any CPU
		{0A7F2589-0259-4F3B-9477-3885946FED8D}.Debug|Any CPU.ActiveCfg = Debug|Any CPU
		{0A7F2589-0259-4F3B-9477-3885946FED8D}.Debug|Any CPU.Build.0 = Debug|Any CPU
		{0A7F2589-0259-4F3B-9477-3885946FED8D}.Release|Any CPU.ActiveCfg = Release|Any CPU
		{0A7F2589-0259-4F3B-9477-3885946FED8D}.Release|Any CPU.Build.0 = Release|Any CPU
		{0FB1B514-1D5B-479A-B0F3-BF09A8A509A3}.Debug|Any CPU.ActiveCfg = Debug|Any CPU
		{0FB1B514-1D5B-479A-B0F3-BF09A8A509A3}.Debug|Any CPU.Build.0 = Debug|Any CPU
		{0FB1B514-1D5B-479A-B0F3-BF09A8A509A3}.Release|Any CPU.ActiveCfg = Release|Any CPU
		{0FB1B514-1D5B-479A-B0F3-BF09A8A509A3}.Release|Any CPU.Build.0 = Release|Any CPU
	EndGlobalSection
	GlobalSection(SolutionProperties) = preSolution
		HideSolutionNode = FALSE
	EndGlobalSection
	GlobalSection(ExtensibilityGlobals) = postSolution
		SolutionGuid = {6A665051-192B-4952-9CCD-457811E0060B}
	EndGlobalSection
EndGlobal
